{
  "version": 4,
  "terraform_version": "1.10.4",
  "serial": 17,
  "lineage": "9fb87194-f3e5-16be-9b36-f721c1992b86",
  "outputs": {
    "pinpoint_application_id": {
      "value": "9e8067329c504467830bddc1693190a3",
      "type": "string"
    }
  },
  "resources": [
    {
      "module": "module.pinpoint",
      "mode": "data",
      "type": "aws_iam_policy_document",
      "name": "assume_role_policy",
      "provider": "provider[\"registry.terraform.io/hashicorp/aws\"]",
      "instances": [
        {
          "schema_version": 0,
          "attributes": {
            "id": "1665613574",
            "json": "{\n  \"Version\": \"2012-10-17\",\n  \"Statement\": [\n    {\n      \"Effect\": \"Allow\",\n      \"Action\": \"sts:AssumeRole\",\n      \"Principal\": {\n        \"Service\": \"pinpoint.amazonaws.com\"\n      }\n    }\n  ]\n}",
            "minified_json": "{\"Version\":\"2012-10-17\",\"Statement\":[{\"Effect\":\"Allow\",\"Action\":\"sts:AssumeRole\",\"Principal\":{\"Service\":\"pinpoint.amazonaws.com\"}}]}",
            "override_json": null,
            "override_policy_documents": null,
            "policy_id": null,
            "source_json": null,
            "source_policy_documents": null,
            "statement": [
              {
                "actions": [
                  "sts:AssumeRole"
                ],
                "condition": [],
                "effect": "Allow",
                "not_actions": [],
                "not_principals": [],
                "not_resources": [],
                "principals": [
                  {
                    "identifiers": [
                      "pinpoint.amazonaws.com"
                    ],
                    "type": "Service"
                  }
                ],
                "resources": [],
                "sid": ""
              }
            ],
            "version": "2012-10-17"
          },
          "sensitive_attributes": []
        }
      ]
    },
    {
      "module": "module.pinpoint",
      "mode": "data",
      "type": "aws_iam_policy_document",
      "name": "sms_role_policy",
      "provider": "provider[\"registry.terraform.io/hashicorp/aws\"]",
      "instances": [
        {
          "schema_version": 0,
          "attributes": {
            "id": "1308166686",
            "json": "{\n  \"Version\": \"2012-10-17\",\n  \"Statement\": [\n    {\n      \"Effect\": \"Allow\",\n      \"Action\": [\n        \"sns:Publish\",\n        \"sns:ListSMSSandboxPhoneNumbers\",\n        \"sns:DeleteSMSSandboxPhoneNumber\",\n        \"sns:CreateSMSSandboxPhoneNumber\"\n      ],\n      \"Resource\": \"*\"\n    }\n  ]\n}",
            "minified_json": "{\"Version\":\"2012-10-17\",\"Statement\":[{\"Effect\":\"Allow\",\"Action\":[\"sns:Publish\",\"sns:ListSMSSandboxPhoneNumbers\",\"sns:DeleteSMSSandboxPhoneNumber\",\"sns:CreateSMSSandboxPhoneNumber\"],\"Resource\":\"*\"}]}",
            "override_json": null,
            "override_policy_documents": null,
            "policy_id": null,
            "source_json": null,
            "source_policy_documents": null,
            "statement": [
              {
                "actions": [
                  "sns:CreateSMSSandboxPhoneNumber",
                  "sns:DeleteSMSSandboxPhoneNumber",
                  "sns:ListSMSSandboxPhoneNumbers",
                  "sns:Publish"
                ],
                "condition": [],
                "effect": "Allow",
                "not_actions": [],
                "not_principals": [],
                "not_resources": [],
                "principals": [],
                "resources": [
                  "*"
                ],
                "sid": ""
              }
            ],
            "version": "2012-10-17"
          },
          "sensitive_attributes": []
        }
      ]
    },
    {
      "module": "module.pinpoint",
      "mode": "managed",
      "type": "aws_iam_role",
      "name": "pinpoint_sms_role",
      "provider": "provider[\"registry.terraform.io/hashicorp/aws\"]",
      "instances": [
        {
          "schema_version": 0,
          "attributes": {
            "arn": "arn:aws:iam::491085418774:role/PinpointSMSRole",
            "assume_role_policy": "{\"Statement\":[{\"Action\":\"sts:AssumeRole\",\"Effect\":\"Allow\",\"Principal\":{\"Service\":\"pinpoint.amazonaws.com\"}}],\"Version\":\"2012-10-17\"}",
            "create_date": "2025-01-25T00:54:01Z",
            "description": "",
            "force_detach_policies": false,
            "id": "PinpointSMSRole",
            "inline_policy": [],
            "managed_policy_arns": [],
            "max_session_duration": 3600,
            "name": "PinpointSMSRole",
            "name_prefix": "",
            "path": "/",
            "permissions_boundary": "",
            "tags": null,
            "tags_all": {},
            "unique_id": "AROAXEVXY2ELJVKPQHVB7"
          },
          "sensitive_attributes": [],
          "private": "bnVsbA==",
          "dependencies": [
            "module.pinpoint.data.aws_iam_policy_document.assume_role_policy"
          ]
        }
      ]
    },
    {
      "module": "module.pinpoint",
      "mode": "managed",
      "type": "aws_iam_role_policy",
      "name": "sms_role_policy",
      "provider": "provider[\"registry.terraform.io/hashicorp/aws\"]",
      "instances": [
        {
          "schema_version": 0,
          "attributes": {
            "id": "PinpointSMSRole:terraform-20250125005359602000000001",
            "name": "terraform-20250125005359602000000001",
            "name_prefix": "terraform-",
            "policy": "{\"Version\":\"2012-10-17\",\"Statement\":[{\"Action\":[\"sns:Publish\",\"sns:ListSMSSandboxPhoneNumbers\",\"sns:DeleteSMSSandboxPhoneNumber\",\"sns:CreateSMSSandboxPhoneNumber\"],\"Effect\":\"Allow\",\"Resource\":\"*\"}]}",
            "role": "PinpointSMSRole"
          },
          "sensitive_attributes": [],
          "private": "bnVsbA==",
          "dependencies": [
            "module.pinpoint.aws_iam_role.pinpoint_sms_role",
            "module.pinpoint.data.aws_iam_policy_document.assume_role_policy",
            "module.pinpoint.data.aws_iam_policy_document.sms_role_policy"
          ]
        }
      ]
    },
    {
      "module": "module.pinpoint",
      "mode": "managed",
      "type": "aws_pinpoint_app",
      "name": "pinpoint_app",
      "provider": "provider[\"registry.terraform.io/hashicorp/aws\"]",
      "instances": [
        {
          "schema_version": 0,
          "attributes": {
            "application_id": "9e8067329c504467830bddc1693190a3",
            "arn": "arn:aws:mobiletargeting:us-east-1:491085418774:apps/9e8067329c504467830bddc1693190a3",
            "campaign_hook": [
              {
                "lambda_function_name": "",
                "mode": "",
                "web_url": ""
              }
            ],
            "id": "9e8067329c504467830bddc1693190a3",
            "limits": [
              {
                "daily": 0,
                "maximum_duration": 0,
                "messages_per_second": 0,
                "total": 0
              }
            ],
            "name": "GBProductionPinpointApp",
            "name_prefix": "",
            "quiet_time": [
              {
                "end": "",
                "start": ""
              }
            ],
            "tags": null,
            "tags_all": {}
          },
          "sensitive_attributes": [],
          "private": "bnVsbA=="
        }
      ]
    },
    {
      "module": "module.pinpoint",
      "mode": "managed",
      "type": "aws_pinpoint_sms_channel",
      "name": "sms_channel",
      "provider": "provider[\"registry.terraform.io/hashicorp/aws\"]",
      "instances": [
        {
          "schema_version": 0,
          "attributes": {
            "application_id": "9e8067329c504467830bddc1693190a3",
            "enabled": true,
            "id": "9e8067329c504467830bddc1693190a3",
            "promotional_messages_per_second": 20,
            "sender_id": "GainBridge",
            "short_code": "",
            "transactional_messages_per_second": 20
          },
          "sensitive_attributes": [],
          "private": "bnVsbA==",
          "dependencies": [
            "module.pinpoint.aws_pinpoint_app.pinpoint_app"
          ]
        }
      ]
    }
  ],
  "check_results": null
}
